PODS:
  - FMDB (2.6.2):
    - FMDB/standard (= 2.6.2)
  - FMDB/standard (2.6.2)
  - FoldingCell (2.0.5)

DEPENDENCIES:
  - FMDB
  - FoldingCell (~> 2.0.3)

SPEC CHECKSUMS:
  FMDB: 854a0341b4726e53276f2a8996f06f1b80f9259a
  FoldingCell: fb189fc746e95b722a1debf8ef455006b70cae2e

PODFILE CHECKSUM: a77153f39622a50237cd13fd8819abaa59e39149

COCOAPODS: 1.2.0
